# This file is @generated by PDM.
# It is not intended for manual editing.

[metadata]
groups = ["default", "lint"]
strategy = ["inherit_metadata"]
lock_version = "4.5.0"
content_hash = "sha256:7083a8c749d26012bf7047ee0e9357bcec673de0c29a6c248df7629d044de8e9"

[[metadata.targets]]
requires_python = ">=3.9"

[[package]]
name = "annotated-types"
version = "0.7.0"
requires_python = ">=3.8"
summary = "Reusable constraint types to use with typing.Annotated"
groups = ["default"]
dependencies = [
    "typing-extensions>=4.0.0; python_version < \"3.9\"",
]
files = [
    {file = "annotated_types-0.7.0-py3-none-any.whl", hash = "sha256:1f02e8b43a8fbbc3f3e0d4f0f4bfc8131bcb4eebe8849b8e5c773f3a1c582a53"},
    {file = "annotated_types-0.7.0.tar.gz", hash = "sha256:aff07c09a53a08bc8cfccb9c85b05f1aa9a2a6f23728d790723543408344ce89"},
]

[[package]]
name = "markdown-it-py"
version = "3.0.0"
requires_python = ">=3.8"
summary = "Python port of markdown-it. Markdown parsing, done right!"
groups = ["default"]
dependencies = [
    "mdurl~=0.1",
]
files = [
    {file = "markdown-it-py-3.0.0.tar.gz", hash = "sha256:e3f60a94fa066dc52ec76661e37c851cb232d92f9886b15cb560aaada2df8feb"},
    {file = "markdown_it_py-3.0.0-py3-none-any.whl", hash = "sha256:355216845c60bd96232cd8d8c40e8f9765cc86f46880e43a8fd22dc1a1a8cab1"},
]

[[package]]
name = "mdurl"
version = "0.1.2"
requires_python = ">=3.7"
summary = "Markdown URL utilities"
groups = ["default"]
files = [
    {file = "mdurl-0.1.2-py3-none-any.whl", hash = "sha256:84008a41e51615a49fc9966191ff91509e3c40b939176e643fd50a5c2196b8f8"},
    {file = "mdurl-0.1.2.tar.gz", hash = "sha256:bb413d29f5eea38f31dd4754dd7377d4465116fb207585f97bf925588687c1ba"},
]

[[package]]
name = "nodeenv"
version = "1.9.1"
requires_python = "!=3.0.*,!=3.1.*,!=3.2.*,!=3.3.*,!=3.4.*,!=3.5.*,!=3.6.*,>=2.7"
summary = "Node.js virtual environment builder"
groups = ["lint"]
files = [
    {file = "nodeenv-1.9.1-py2.py3-none-any.whl", hash = "sha256:ba11c9782d29c27c70ffbdda2d7415098754709be8a7056d79a737cd901155c9"},
    {file = "nodeenv-1.9.1.tar.gz", hash = "sha256:6ec12890a2dab7946721edbfbcd91f3319c6ccc9aec47be7c7e6b7011ee6645f"},
]

[[package]]
name = "pydantic"
version = "2.9.0"
requires_python = ">=3.8"
summary = "Data validation using Python type hints"
groups = ["default"]
dependencies = [
    "annotated-types>=0.4.0",
    "pydantic-core==2.23.2",
    "typing-extensions>=4.12.2; python_version >= \"3.13\"",
    "typing-extensions>=4.6.1; python_version < \"3.13\"",
    "tzdata; python_version >= \"3.9\"",
]
files = [
    {file = "pydantic-2.9.0-py3-none-any.whl", hash = "sha256:f66a7073abd93214a20c5f7b32d56843137a7a2e70d02111f3be287035c45370"},
    {file = "pydantic-2.9.0.tar.gz", hash = "sha256:c7a8a9fdf7d100afa49647eae340e2d23efa382466a8d177efcd1381e9be5598"},
]

[[package]]
name = "pydantic-core"
version = "2.23.2"
requires_python = ">=3.8"
summary = "Core functionality for Pydantic validation and serialization"
groups = ["default"]
dependencies = [
    "typing-extensions!=4.7.0,>=4.6.0",
]
files = [
    {file = "pydantic_core-2.23.2-cp310-cp310-macosx_10_12_x86_64.whl", hash = "sha256:7d0324a35ab436c9d768753cbc3c47a865a2cbc0757066cb864747baa61f6ece"},
    {file = "pydantic_core-2.23.2-cp310-cp310-macosx_11_0_arm64.whl", hash = "sha256:276ae78153a94b664e700ac362587c73b84399bd1145e135287513442e7dfbc7"},
    {file = "pydantic_core-2.23.2-cp310-cp310-manylinux_2_17_aarch64.manylinux2014_aarch64.whl", hash = "sha256:964c7aa318da542cdcc60d4a648377ffe1a2ef0eb1e996026c7f74507b720a78"},
    {file = "pydantic_core-2.23.2-cp310-cp310-manylinux_2_17_armv7l.manylinux2014_armv7l.whl", hash = "sha256:1cf842265a3a820ebc6388b963ead065f5ce8f2068ac4e1c713ef77a67b71f7c"},
    {file = "pydantic_core-2.23.2-cp310-cp310-manylinux_2_17_ppc64le.manylinux2014_ppc64le.whl", hash = "sha256:ae90b9e50fe1bd115b24785e962b51130340408156d34d67b5f8f3fa6540938e"},
    {file = "pydantic_core-2.23.2-cp310-cp310-manylinux_2_17_s390x.manylinux2014_s390x.whl", hash = "sha256:8ae65fdfb8a841556b52935dfd4c3f79132dc5253b12c0061b96415208f4d622"},
    {file = "pydantic_core-2.23.2-cp310-cp310-manylinux_2_17_x86_64.manylinux2014_x86_64.whl", hash = "sha256:5c8aa40f6ca803f95b1c1c5aeaee6237b9e879e4dfb46ad713229a63651a95fb"},
    {file = "pydantic_core-2.23.2-cp310-cp310-manylinux_2_5_i686.manylinux1_i686.whl", hash = "sha256:c53100c8ee5a1e102766abde2158077d8c374bee0639201f11d3032e3555dfbc"},
    {file = "pydantic_core-2.23.2-cp310-cp310-musllinux_1_1_aarch64.whl", hash = "sha256:d6b9dd6aa03c812017411734e496c44fef29b43dba1e3dd1fa7361bbacfc1354"},
    {file = "pydantic_core-2.23.2-cp310-cp310-musllinux_1_1_x86_64.whl", hash = "sha256:b18cf68255a476b927910c6873d9ed00da692bb293c5b10b282bd48a0afe3ae2"},
    {file = "pydantic_core-2.23.2-cp310-none-win32.whl", hash = "sha256:e460475719721d59cd54a350c1f71c797c763212c836bf48585478c5514d2854"},
    {file = "pydantic_core-2.23.2-cp310-none-win_amd64.whl", hash = "sha256:5f3cf3721eaf8741cffaf092487f1ca80831202ce91672776b02b875580e174a"},
    {file = "pydantic_core-2.23.2-cp311-cp311-macosx_10_12_x86_64.whl", hash = "sha256:7ce8e26b86a91e305858e018afc7a6e932f17428b1eaa60154bd1f7ee888b5f8"},
    {file = "pydantic_core-2.23.2-cp311-cp311-macosx_11_0_arm64.whl", hash = "sha256:7e9b24cca4037a561422bf5dc52b38d390fb61f7bfff64053ce1b72f6938e6b2"},
    {file = "pydantic_core-2.23.2-cp311-cp311-manylinux_2_17_aarch64.manylinux2014_aarch64.whl", hash = "sha256:753294d42fb072aa1775bfe1a2ba1012427376718fa4c72de52005a3d2a22178"},
    {file = "pydantic_core-2.23.2-cp311-cp311-manylinux_2_17_armv7l.manylinux2014_armv7l.whl", hash = "sha256:257d6a410a0d8aeb50b4283dea39bb79b14303e0fab0f2b9d617701331ed1515"},
    {file = "pydantic_core-2.23.2-cp311-cp311-manylinux_2_17_ppc64le.manylinux2014_ppc64le.whl", hash = "sha256:c8319e0bd6a7b45ad76166cc3d5d6a36c97d0c82a196f478c3ee5346566eebfd"},
    {file = "pydantic_core-2.23.2-cp311-cp311-manylinux_2_17_s390x.manylinux2014_s390x.whl", hash = "sha256:7a05c0240f6c711eb381ac392de987ee974fa9336071fb697768dfdb151345ce"},
    {file = "pydantic_core-2.23.2-cp311-cp311-manylinux_2_17_x86_64.manylinux2014_x86_64.whl", hash = "sha256:8d5b0ff3218858859910295df6953d7bafac3a48d5cd18f4e3ed9999efd2245f"},
    {file = "pydantic_core-2.23.2-cp311-cp311-manylinux_2_5_i686.manylinux1_i686.whl", hash = "sha256:96ef39add33ff58cd4c112cbac076726b96b98bb8f1e7f7595288dcfb2f10b57"},
    {file = "pydantic_core-2.23.2-cp311-cp311-musllinux_1_1_aarch64.whl", hash = "sha256:0102e49ac7d2df3379ef8d658d3bc59d3d769b0bdb17da189b75efa861fc07b4"},
    {file = "pydantic_core-2.23.2-cp311-cp311-musllinux_1_1_x86_64.whl", hash = "sha256:a6612c2a844043e4d10a8324c54cdff0042c558eef30bd705770793d70b224aa"},
    {file = "pydantic_core-2.23.2-cp311-none-win32.whl", hash = "sha256:caffda619099cfd4f63d48462f6aadbecee3ad9603b4b88b60cb821c1b258576"},
    {file = "pydantic_core-2.23.2-cp311-none-win_amd64.whl", hash = "sha256:6f80fba4af0cb1d2344869d56430e304a51396b70d46b91a55ed4959993c0589"},
    {file = "pydantic_core-2.23.2-cp312-cp312-macosx_10_12_x86_64.whl", hash = "sha256:4c83c64d05ffbbe12d4e8498ab72bdb05bcc1026340a4a597dc647a13c1605ec"},
    {file = "pydantic_core-2.23.2-cp312-cp312-macosx_11_0_arm64.whl", hash = "sha256:6294907eaaccf71c076abdd1c7954e272efa39bb043161b4b8aa1cd76a16ce43"},
    {file = "pydantic_core-2.23.2-cp312-cp312-manylinux_2_17_aarch64.manylinux2014_aarch64.whl", hash = "sha256:4a801c5e1e13272e0909c520708122496647d1279d252c9e6e07dac216accc41"},
    {file = "pydantic_core-2.23.2-cp312-cp312-manylinux_2_17_armv7l.manylinux2014_armv7l.whl", hash = "sha256:cc0c316fba3ce72ac3ab7902a888b9dc4979162d320823679da270c2d9ad0cad"},
    {file = "pydantic_core-2.23.2-cp312-cp312-manylinux_2_17_ppc64le.manylinux2014_ppc64le.whl", hash = "sha256:6b06c5d4e8701ac2ba99a2ef835e4e1b187d41095a9c619c5b185c9068ed2a49"},
    {file = "pydantic_core-2.23.2-cp312-cp312-manylinux_2_17_s390x.manylinux2014_s390x.whl", hash = "sha256:82764c0bd697159fe9947ad59b6db6d7329e88505c8f98990eb07e84cc0a5d81"},
    {file = "pydantic_core-2.23.2-cp312-cp312-manylinux_2_17_x86_64.manylinux2014_x86_64.whl", hash = "sha256:2b1a195efd347ede8bcf723e932300292eb13a9d2a3c1f84eb8f37cbbc905b7f"},
    {file = "pydantic_core-2.23.2-cp312-cp312-manylinux_2_5_i686.manylinux1_i686.whl", hash = "sha256:b7efb12e5071ad8d5b547487bdad489fbd4a5a35a0fc36a1941517a6ad7f23e0"},
    {file = "pydantic_core-2.23.2-cp312-cp312-musllinux_1_1_aarch64.whl", hash = "sha256:5dd0ec5f514ed40e49bf961d49cf1bc2c72e9b50f29a163b2cc9030c6742aa73"},
    {file = "pydantic_core-2.23.2-cp312-cp312-musllinux_1_1_x86_64.whl", hash = "sha256:820f6ee5c06bc868335e3b6e42d7ef41f50dfb3ea32fbd523ab679d10d8741c0"},
    {file = "pydantic_core-2.23.2-cp312-none-win32.whl", hash = "sha256:3713dc093d5048bfaedbba7a8dbc53e74c44a140d45ede020dc347dda18daf3f"},
    {file = "pydantic_core-2.23.2-cp312-none-win_amd64.whl", hash = "sha256:e1895e949f8849bc2757c0dbac28422a04be031204df46a56ab34bcf98507342"},
    {file = "pydantic_core-2.23.2-cp313-cp313-macosx_10_12_x86_64.whl", hash = "sha256:da43cbe593e3c87d07108d0ebd73771dc414488f1f91ed2e204b0370b94b37ac"},
    {file = "pydantic_core-2.23.2-cp313-cp313-macosx_11_0_arm64.whl", hash = "sha256:64d094ea1aa97c6ded4748d40886076a931a8bf6f61b6e43e4a1041769c39dd2"},
    {file = "pydantic_core-2.23.2-cp313-cp313-manylinux_2_17_aarch64.manylinux2014_aarch64.whl", hash = "sha256:084414ffe9a85a52940b49631321d636dadf3576c30259607b75516d131fecd0"},
    {file = "pydantic_core-2.23.2-cp313-cp313-manylinux_2_17_armv7l.manylinux2014_armv7l.whl", hash = "sha256:043ef8469f72609c4c3a5e06a07a1f713d53df4d53112c6d49207c0bd3c3bd9b"},
    {file = "pydantic_core-2.23.2-cp313-cp313-manylinux_2_17_ppc64le.manylinux2014_ppc64le.whl", hash = "sha256:3649bd3ae6a8ebea7dc381afb7f3c6db237fc7cebd05c8ac36ca8a4187b03b30"},
    {file = "pydantic_core-2.23.2-cp313-cp313-manylinux_2_17_s390x.manylinux2014_s390x.whl", hash = "sha256:6db09153d8438425e98cdc9a289c5fade04a5d2128faff8f227c459da21b9703"},
    {file = "pydantic_core-2.23.2-cp313-cp313-manylinux_2_17_x86_64.manylinux2014_x86_64.whl", hash = "sha256:5668b3173bb0b2e65020b60d83f5910a7224027232c9f5dc05a71a1deac9f960"},
    {file = "pydantic_core-2.23.2-cp313-cp313-manylinux_2_5_i686.manylinux1_i686.whl", hash = "sha256:1c7b81beaf7c7ebde978377dc53679c6cba0e946426fc7ade54251dfe24a7604"},
    {file = "pydantic_core-2.23.2-cp313-cp313-musllinux_1_1_aarch64.whl", hash = "sha256:ae579143826c6f05a361d9546446c432a165ecf1c0b720bbfd81152645cb897d"},
    {file = "pydantic_core-2.23.2-cp313-cp313-musllinux_1_1_x86_64.whl", hash = "sha256:19f1352fe4b248cae22a89268720fc74e83f008057a652894f08fa931e77dced"},
    {file = "pydantic_core-2.23.2-cp313-none-win32.whl", hash = "sha256:e1a79ad49f346aa1a2921f31e8dbbab4d64484823e813a002679eaa46cba39e1"},
    {file = "pydantic_core-2.23.2-cp313-none-win_amd64.whl", hash = "sha256:582871902e1902b3c8e9b2c347f32a792a07094110c1bca6c2ea89b90150caac"},
    {file = "pydantic_core-2.23.2-cp39-cp39-macosx_10_12_x86_64.whl", hash = "sha256:358331e21a897151e54d58e08d0219acf98ebb14c567267a87e971f3d2a3be59"},
    {file = "pydantic_core-2.23.2-cp39-cp39-macosx_11_0_arm64.whl", hash = "sha256:c4d9f15ffe68bcd3898b0ad7233af01b15c57d91cd1667f8d868e0eacbfe3f87"},
    {file = "pydantic_core-2.23.2-cp39-cp39-manylinux_2_17_aarch64.manylinux2014_aarch64.whl", hash = "sha256:0123655fedacf035ab10c23450163c2f65a4174f2bb034b188240a6cf06bb123"},
    {file = "pydantic_core-2.23.2-cp39-cp39-manylinux_2_17_armv7l.manylinux2014_armv7l.whl", hash = "sha256:e6e3ccebdbd6e53474b0bb7ab8b88e83c0cfe91484b25e058e581348ee5a01a5"},
    {file = "pydantic_core-2.23.2-cp39-cp39-manylinux_2_17_ppc64le.manylinux2014_ppc64le.whl", hash = "sha256:fc535cb898ef88333cf317777ecdfe0faac1c2a3187ef7eb061b6f7ecf7e6bae"},
    {file = "pydantic_core-2.23.2-cp39-cp39-manylinux_2_17_s390x.manylinux2014_s390x.whl", hash = "sha256:aab9e522efff3993a9e98ab14263d4e20211e62da088298089a03056980a3e69"},
    {file = "pydantic_core-2.23.2-cp39-cp39-manylinux_2_17_x86_64.manylinux2014_x86_64.whl", hash = "sha256:05b366fb8fe3d8683b11ac35fa08947d7b92be78ec64e3277d03bd7f9b7cda79"},
    {file = "pydantic_core-2.23.2-cp39-cp39-manylinux_2_5_i686.manylinux1_i686.whl", hash = "sha256:7568f682c06f10f30ef643a1e8eec4afeecdafde5c4af1b574c6df079e96f96c"},
    {file = "pydantic_core-2.23.2-cp39-cp39-musllinux_1_1_aarch64.whl", hash = "sha256:cdd02a08205dc90238669f082747612cb3c82bd2c717adc60f9b9ecadb540f80"},
    {file = "pydantic_core-2.23.2-cp39-cp39-musllinux_1_1_x86_64.whl", hash = "sha256:1a2ab4f410f4b886de53b6bddf5dd6f337915a29dd9f22f20f3099659536b2f6"},
    {file = "pydantic_core-2.23.2-cp39-none-win32.whl", hash = "sha256:0448b81c3dfcde439551bb04a9f41d7627f676b12701865c8a2574bcea034437"},
    {file = "pydantic_core-2.23.2-cp39-none-win_amd64.whl", hash = "sha256:4cebb9794f67266d65e7e4cbe5dcf063e29fc7b81c79dc9475bd476d9534150e"},
    {file = "pydantic_core-2.23.2-pp310-pypy310_pp73-macosx_10_12_x86_64.whl", hash = "sha256:e758d271ed0286d146cf7c04c539a5169a888dd0b57026be621547e756af55bc"},
    {file = "pydantic_core-2.23.2-pp310-pypy310_pp73-macosx_11_0_arm64.whl", hash = "sha256:f477d26183e94eaafc60b983ab25af2a809a1b48ce4debb57b343f671b7a90b6"},
    {file = "pydantic_core-2.23.2-pp310-pypy310_pp73-manylinux_2_17_aarch64.manylinux2014_aarch64.whl", hash = "sha256:da3131ef2b940b99106f29dfbc30d9505643f766704e14c5d5e504e6a480c35e"},
    {file = "pydantic_core-2.23.2-pp310-pypy310_pp73-manylinux_2_17_x86_64.manylinux2014_x86_64.whl", hash = "sha256:329a721253c7e4cbd7aad4a377745fbcc0607f9d72a3cc2102dd40519be75ed2"},
    {file = "pydantic_core-2.23.2-pp310-pypy310_pp73-manylinux_2_5_i686.manylinux1_i686.whl", hash = "sha256:7706e15cdbf42f8fab1e6425247dfa98f4a6f8c63746c995d6a2017f78e619ae"},
    {file = "pydantic_core-2.23.2-pp310-pypy310_pp73-musllinux_1_1_aarch64.whl", hash = "sha256:e64ffaf8f6e17ca15eb48344d86a7a741454526f3a3fa56bc493ad9d7ec63936"},
    {file = "pydantic_core-2.23.2-pp310-pypy310_pp73-musllinux_1_1_x86_64.whl", hash = "sha256:dd59638025160056687d598b054b64a79183f8065eae0d3f5ca523cde9943940"},
    {file = "pydantic_core-2.23.2-pp310-pypy310_pp73-win_amd64.whl", hash = "sha256:12625e69b1199e94b0ae1c9a95d000484ce9f0182f9965a26572f054b1537e44"},
    {file = "pydantic_core-2.23.2-pp39-pypy39_pp73-macosx_10_12_x86_64.whl", hash = "sha256:5d813fd871b3d5c3005157622ee102e8908ad6011ec915a18bd8fde673c4360e"},
    {file = "pydantic_core-2.23.2-pp39-pypy39_pp73-macosx_11_0_arm64.whl", hash = "sha256:1eb37f7d6a8001c0f86dc8ff2ee8d08291a536d76e49e78cda8587bb54d8b329"},
    {file = "pydantic_core-2.23.2-pp39-pypy39_pp73-manylinux_2_17_aarch64.manylinux2014_aarch64.whl", hash = "sha256:7ce7eaf9a98680b4312b7cebcdd9352531c43db00fca586115845df388f3c465"},
    {file = "pydantic_core-2.23.2-pp39-pypy39_pp73-manylinux_2_17_x86_64.manylinux2014_x86_64.whl", hash = "sha256:f087879f1ffde024dd2788a30d55acd67959dcf6c431e9d3682d1c491a0eb474"},
    {file = "pydantic_core-2.23.2-pp39-pypy39_pp73-manylinux_2_5_i686.manylinux1_i686.whl", hash = "sha256:6ce883906810b4c3bd90e0ada1f9e808d9ecf1c5f0b60c6b8831d6100bcc7dd6"},
    {file = "pydantic_core-2.23.2-pp39-pypy39_pp73-musllinux_1_1_aarch64.whl", hash = "sha256:a8031074a397a5925d06b590121f8339d34a5a74cfe6970f8a1124eb8b83f4ac"},
    {file = "pydantic_core-2.23.2-pp39-pypy39_pp73-musllinux_1_1_x86_64.whl", hash = "sha256:23af245b8f2f4ee9e2c99cb3f93d0e22fb5c16df3f2f643f5a8da5caff12a653"},
    {file = "pydantic_core-2.23.2-pp39-pypy39_pp73-win_amd64.whl", hash = "sha256:c57e493a0faea1e4c38f860d6862ba6832723396c884fbf938ff5e9b224200e2"},
    {file = "pydantic_core-2.23.2.tar.gz", hash = "sha256:95d6bf449a1ac81de562d65d180af5d8c19672793c81877a2eda8fde5d08f2fd"},
]

[[package]]
name = "pygments"
version = "2.18.0"
requires_python = ">=3.8"
summary = "Pygments is a syntax highlighting package written in Python."
groups = ["default"]
files = [
    {file = "pygments-2.18.0-py3-none-any.whl", hash = "sha256:b8e6aca0523f3ab76fee51799c488e38782ac06eafcf95e7ba832985c8e7b13a"},
    {file = "pygments-2.18.0.tar.gz", hash = "sha256:786ff802f32e91311bff3889f6e9a86e81505fe99f2735bb6d60ae0c5004f199"},
]

[[package]]
name = "pyright"
version = "1.1.378"
requires_python = ">=3.7"
summary = "Command line wrapper for pyright"
groups = ["lint"]
dependencies = [
    "nodeenv>=1.6.0",
    "typing-extensions>=3.7; python_version < \"3.8\"",
]
files = [
    {file = "pyright-1.1.378-py3-none-any.whl", hash = "sha256:8853776138b01bc284da07ac481235be7cc89d3176b073d2dba73636cb95be79"},
    {file = "pyright-1.1.378.tar.gz", hash = "sha256:78a043be2876d12d0af101d667e92c7734f3ebb9db71dccc2c220e7e7eb89ca2"},
]

[[package]]
name = "rich"
version = "13.8.0"
requires_python = ">=3.7.0"
summary = "Render rich text, tables, progress bars, syntax highlighting, markdown and more to the terminal"
groups = ["default"]
dependencies = [
    "markdown-it-py>=2.2.0",
    "pygments<3.0.0,>=2.13.0",
    "typing-extensions<5.0,>=4.0.0; python_version < \"3.9\"",
]
files = [
    {file = "rich-13.8.0-py3-none-any.whl", hash = "sha256:2e85306a063b9492dffc86278197a60cbece75bcb766022f3436f567cae11bdc"},
    {file = "rich-13.8.0.tar.gz", hash = "sha256:a5ac1f1cd448ade0d59cc3356f7db7a7ccda2c8cbae9c7a90c28ff463d3e91f4"},
]

[[package]]
name = "ruff"
version = "0.6.3"
requires_python = ">=3.7"
summary = "An extremely fast Python linter and code formatter, written in Rust."
groups = ["lint"]
files = [
    {file = "ruff-0.6.3-py3-none-linux_armv6l.whl", hash = "sha256:97f58fda4e309382ad30ede7f30e2791d70dd29ea17f41970119f55bdb7a45c3"},
    {file = "ruff-0.6.3-py3-none-macosx_10_12_x86_64.whl", hash = "sha256:3b061e49b5cf3a297b4d1c27ac5587954ccb4ff601160d3d6b2f70b1622194dc"},
    {file = "ruff-0.6.3-py3-none-macosx_11_0_arm64.whl", hash = "sha256:34e2824a13bb8c668c71c1760a6ac7d795ccbd8d38ff4a0d8471fdb15de910b1"},
    {file = "ruff-0.6.3-py3-none-manylinux_2_17_aarch64.manylinux2014_aarch64.whl", hash = "sha256:bddfbb8d63c460f4b4128b6a506e7052bad4d6f3ff607ebbb41b0aa19c2770d1"},
    {file = "ruff-0.6.3-py3-none-manylinux_2_17_armv7l.manylinux2014_armv7l.whl", hash = "sha256:ced3eeb44df75353e08ab3b6a9e113b5f3f996bea48d4f7c027bc528ba87b672"},
    {file = "ruff-0.6.3-py3-none-manylinux_2_17_i686.manylinux2014_i686.whl", hash = "sha256:47021dff5445d549be954eb275156dfd7c37222acc1e8014311badcb9b4ec8c1"},
    {file = "ruff-0.6.3-py3-none-manylinux_2_17_ppc64.manylinux2014_ppc64.whl", hash = "sha256:7d7bd20dc07cebd68cc8bc7b3f5ada6d637f42d947c85264f94b0d1cd9d87384"},
    {file = "ruff-0.6.3-py3-none-manylinux_2_17_ppc64le.manylinux2014_ppc64le.whl", hash = "sha256:500f166d03fc6d0e61c8e40a3ff853fa8a43d938f5d14c183c612df1b0d6c58a"},
    {file = "ruff-0.6.3-py3-none-manylinux_2_17_s390x.manylinux2014_s390x.whl", hash = "sha256:42844ff678f9b976366b262fa2d1d1a3fe76f6e145bd92c84e27d172e3c34500"},
    {file = "ruff-0.6.3-py3-none-manylinux_2_17_x86_64.manylinux2014_x86_64.whl", hash = "sha256:70452a10eb2d66549de8e75f89ae82462159855e983ddff91bc0bce6511d0470"},
    {file = "ruff-0.6.3-py3-none-musllinux_1_2_aarch64.whl", hash = "sha256:65a533235ed55f767d1fc62193a21cbf9e3329cf26d427b800fdeacfb77d296f"},
    {file = "ruff-0.6.3-py3-none-musllinux_1_2_armv7l.whl", hash = "sha256:d2e2c23cef30dc3cbe9cc5d04f2899e7f5e478c40d2e0a633513ad081f7361b5"},
    {file = "ruff-0.6.3-py3-none-musllinux_1_2_i686.whl", hash = "sha256:d8a136aa7d228975a6aee3dd8bea9b28e2b43e9444aa678fb62aeb1956ff2351"},
    {file = "ruff-0.6.3-py3-none-musllinux_1_2_x86_64.whl", hash = "sha256:f92fe93bc72e262b7b3f2bba9879897e2d58a989b4714ba6a5a7273e842ad2f8"},
    {file = "ruff-0.6.3-py3-none-win32.whl", hash = "sha256:7a62d3b5b0d7f9143d94893f8ba43aa5a5c51a0ffc4a401aa97a81ed76930521"},
    {file = "ruff-0.6.3-py3-none-win_amd64.whl", hash = "sha256:746af39356fee2b89aada06c7376e1aa274a23493d7016059c3a72e3b296befb"},
    {file = "ruff-0.6.3-py3-none-win_arm64.whl", hash = "sha256:14a9528a8b70ccc7a847637c29e56fd1f9183a9db743bbc5b8e0c4ad60592a82"},
    {file = "ruff-0.6.3.tar.gz", hash = "sha256:183b99e9edd1ef63be34a3b51fee0a9f4ab95add123dbf89a71f7b1f0c991983"},
]

[[package]]
name = "typing-extensions"
version = "4.12.2"
requires_python = ">=3.8"
summary = "Backported and Experimental Type Hints for Python 3.8+"
groups = ["default"]
files = [
    {file = "typing_extensions-4.12.2-py3-none-any.whl", hash = "sha256:04e5ca0351e0f3f85c6853954072df659d0d13fac324d0072316b67d7794700d"},
    {file = "typing_extensions-4.12.2.tar.gz", hash = "sha256:1a7ead55c7e559dd4dee8856e3a88b41225abfe1ce8df57b7c13915fe121ffb8"},
]

[[package]]
name = "tzdata"
version = "2024.1"
requires_python = ">=2"
summary = "Provider of IANA time zone data"
groups = ["default"]
marker = "python_version >= \"3.9\""
files = [
    {file = "tzdata-2024.1-py2.py3-none-any.whl", hash = "sha256:9068bc196136463f5245e51efda838afa15aaeca9903f49050dfa2679db4d252"},
    {file = "tzdata-2024.1.tar.gz", hash = "sha256:2674120f8d891909751c38abcdfd386ac0a5a1127954fbc332af6b5ceae07efd"},
]
